// !$*UTF8*$!
{
	archiveVersion = 1;
	classes = {
	};
	objectVersion = 46;
	objects = {

/* Begin PBXBuildFile section */
		9C99AFB71741FDC900868D64 /* UIKit.framework in Frameworks */ = {isa = PBXBuildFile; fileRef = 9C99AFB61741FDC900868D64 /* UIKit.framework */; };
		9C99AFB91741FDC900868D64 /* Foundation.framework in Frameworks */ = {isa = PBXBuildFile; fileRef = 9C99AFB81741FDC900868D64 /* Foundation.framework */; };
		9C99AFBB1741FDC900868D64 /* CoreGraphics.framework in Frameworks */ = {isa = PBXBuildFile; fileRef = 9C99AFBA1741FDC900868D64 /* CoreGraphics.framework */; };
		9C99AFC11741FDC900868D64 /* InfoPlist.strings in Resources */ = {isa = PBXBuildFile; fileRef = 9C99AFBF1741FDC900868D64 /* InfoPlist.strings */; };
		9C99AFC31741FDC900868D64 /* main.m in Sources */ = {isa = PBXBuildFile; fileRef = 9C99AFC21741FDC900868D64 /* main.m */; };
		9C99AFC71741FDC900868D64 /* AppDelegate.m in Sources */ = {isa = PBXBuildFile; fileRef = 9C99AFC61741FDC900868D64 /* AppDelegate.m */; };
		9C99AFC91741FDC900868D64 /* Default.png in Resources */ = {isa = PBXBuildFile; fileRef = 9C99AFC81741FDC900868D64 /* Default.png */; };
		9C99AFCB1741FDC900868D64 /* Default@2x.png in Resources */ = {isa = PBXBuildFile; fileRef = 9C99AFCA1741FDC900868D64 /* Default@2x.png */; };
		9C99AFCD1741FDC900868D64 /* Default-568h@2x.png in Resources */ = {isa = PBXBuildFile; fileRef = 9C99AFCC1741FDC900868D64 /* Default-568h@2x.png */; };
		9C99AFD01741FDC900868D64 /* ViewController.m in Sources */ = {isa = PBXBuildFile; fileRef = 9C99AFCF1741FDC900868D64 /* ViewController.m */; };
		9C99AFD31741FDCA00868D64 /* ViewController.xib in Resources */ = {isa = PBXBuildFile; fileRef = 9C99AFD11741FDCA00868D64 /* ViewController.xib */; };
		9C99AFDB1741FFEF00868D64 /* Updater.m in Sources */ = {isa = PBXBuildFile; fileRef = 9C99AFDA1741FFEF00868D64 /* Updater.m */; };
/* End PBXBuildFile section */

/* Begin PBXFileReference section */
		9C99AFB31741FDC900868D64 /* JKUpdaterExample.app */ = {isa = PBXFileReference; explicitFileType = wrapper.application; includeInIndex = 0; path = JKUpdaterExample.app; sourceTree = BUILT_PRODUCTS_DIR; };
		9C99AFB61741FDC900868D64 /* UIKit.framework */ = {isa = PBXFileReference; lastKnownFileType = wrapper.framework; name = UIKit.framework; path = System/Library/Frameworks/UIKit.framework; sourceTree = SDKROOT; };
		9C99AFB81741FDC900868D64 /* Foundation.framework */ = {isa = PBXFileReference; lastKnownFileType = wrapper.framework; name = Foundation.framework; path = System/Library/Frameworks/Foundation.framework; sourceTree = SDKROOT; };
		9C99AFBA1741FDC900868D64 /* CoreGraphics.framework */ = {isa = PBXFileReference; lastKnownFileType = wrapper.framework; name = CoreGraphics.framework; path = System/Library/Frameworks/CoreGraphics.framework; sourceTree = SDKROOT; };
		9C99AFBE1741FDC900868D64 /* JKUpdaterExample-Info.plist */ = {isa = PBXFileReference; lastKnownFileType = text.plist.xml; path = "JKUpdaterExample-Info.plist"; sourceTree = "<group>"; };
		9C99AFC01741FDC900868D64 /* en */ = {isa = PBXFileReference; lastKnownFileType = text.plist.strings; name = en; path = en.lproj/InfoPlist.strings; sourceTree = "<group>"; };
		9C99AFC21741FDC900868D64 /* main.m */ = {isa = PBXFileReference; lastKnownFileType = sourcecode.c.objc; path = main.m; sourceTree = "<group>"; };
		9C99AFC41741FDC900868D64 /* JKUpdaterExample-Prefix.pch */ = {isa = PBXFileReference; lastKnownFileType = sourcecode.c.h; path = "JKUpdaterExample-Prefix.pch"; sourceTree = "<group>"; };
		9C99AFC51741FDC900868D64 /* AppDelegate.h */ = {isa = PBXFileReference; lastKnownFileType = sourcecode.c.h; path = AppDelegate.h; sourceTree = "<group>"; };
		9C99AFC61741FDC900868D64 /* AppDelegate.m */ = {isa = PBXFileReference; lastKnownFileType = sourcecode.c.objc; path = AppDelegate.m; sourceTree = "<group>"; };
		9C99AFC81741FDC900868D64 /* Default.png */ = {isa = PBXFileReference; lastKnownFileType = image.png; path = Default.png; sourceTree = "<group>"; };
		9C99AFCA1741FDC900868D64 /* Default@2x.png */ = {isa = PBXFileReference; lastKnownFileType = image.png; path = "Default@2x.png"; sourceTree = "<group>"; };
		9C99AFCC1741FDC900868D64 /* Default-568h@2x.png */ = {isa = PBXFileReference; lastKnownFileType = image.png; path = "Default-568h@2x.png"; sourceTree = "<group>"; };
		9C99AFCE1741FDC900868D64 /* ViewController.h */ = {isa = PBXFileReference; lastKnownFileType = sourcecode.c.h; path = ViewController.h; sourceTree = "<group>"; };
		9C99AFCF1741FDC900868D64 /* ViewController.m */ = {isa = PBXFileReference; lastKnownFileType = sourcecode.c.objc; path = ViewController.m; sourceTree = "<group>"; };
		9C99AFD21741FDCA00868D64 /* en */ = {isa = PBXFileReference; lastKnownFileType = file.xib; name = en; path = en.lproj/ViewController.xib; sourceTree = "<group>"; };
		9C99AFD91741FFEF00868D64 /* Updater.h */ = {isa = PBXFileReference; fileEncoding = 4; lastKnownFileType = sourcecode.c.h; path = Updater.h; sourceTree = "<group>"; };
		9C99AFDA1741FFEF00868D64 /* Updater.m */ = {isa = PBXFileReference; fileEncoding = 4; lastKnownFileType = sourcecode.c.objc; path = Updater.m; sourceTree = "<group>"; };
/* End PBXFileReference section */

/* Begin PBXFrameworksBuildPhase section */
		9C99AFB01741FDC900868D64 /* Frameworks */ = {
			isa = PBXFrameworksBuildPhase;
			buildActionMask = 2147483647;
			files = (
				9C99AFB71741FDC900868D64 /* UIKit.framework in Frameworks */,
				9C99AFB91741FDC900868D64 /* Foundation.framework in Frameworks */,
				9C99AFBB1741FDC900868D64 /* CoreGraphics.framework in Frameworks */,
			);
			runOnlyForDeploymentPostprocessing = 0;
		};
/* End PBXFrameworksBuildPhase section */

/* Begin PBXGroup section */
		9C99AFAA1741FDC900868D64 = {
			isa = PBXGroup;
			children = (
				9C99AFBC1741FDC900868D64 /* JKUpdaterExample */,
				9C99AFB51741FDC900868D64 /* Frameworks */,
				9C99AFB41741FDC900868D64 /* Products */,
			);
			indentWidth = 4;
			sourceTree = "<group>";
			tabWidth = 4;
			usesTabs = 0;
		};
		9C99AFB41741FDC900868D64 /* Products */ = {
			isa = PBXGroup;
			children = (
				9C99AFB31741FDC900868D64 /* JKUpdaterExample.app */,
			);
			name = Products;
			sourceTree = "<group>";
		};
		9C99AFB51741FDC900868D64 /* Frameworks */ = {
			isa = PBXGroup;
			children = (
				9C99AFB61741FDC900868D64 /* UIKit.framework */,
				9C99AFB81741FDC900868D64 /* Foundation.framework */,
				9C99AFBA1741FDC900868D64 /* CoreGraphics.framework */,
			);
			name = Frameworks;
			sourceTree = "<group>";
		};
		9C99AFBC1741FDC900868D64 /* JKUpdaterExample */ = {
			isa = PBXGroup;
			children = (
				9C99AFC51741FDC900868D64 /* AppDelegate.h */,
				9C99AFC61741FDC900868D64 /* AppDelegate.m */,
				9C99AFCE1741FDC900868D64 /* ViewController.h */,
				9C99AFCF1741FDC900868D64 /* ViewController.m */,
				9C99AFD11741FDCA00868D64 /* ViewController.xib */,
				9C99AFBD1741FDC900868D64 /* Supporting Files */,
				9C99AFD91741FFEF00868D64 /* Updater.h */,
				9C99AFDA1741FFEF00868D64 /* Updater.m */,
			);
			path = JKUpdaterExample;
			sourceTree = "<group>";
		};
		9C99AFBD1741FDC900868D64 /* Supporting Files */ = {
			isa = PBXGroup;
			children = (
				9C99AFBE1741FDC900868D64 /* JKUpdaterExample-Info.plist */,
				9C99AFBF1741FDC900868D64 /* InfoPlist.strings */,
				9C99AFC21741FDC900868D64 /* main.m */,
				9C99AFC41741FDC900868D64 /* JKUpdaterExample-Prefix.pch */,
				9C99AFC81741FDC900868D64 /* Default.png */,
				9C99AFCA1741FDC900868D64 /* Default@2x.png */,
				9C99AFCC1741FDC900868D64 /* Default-568h@2x.png */,
			);
			name = "Supporting Files";
			sourceTree = "<group>";
		};
/* End PBXGroup section */

/* Begin PBXNativeTarget section */
		9C99AFB21741FDC900868D64 /* JKUpdaterExample */ = {
			isa = PBXNativeTarget;
			buildConfigurationList = 9C99AFD61741FDCA00868D64 /* Build configuration list for PBXNativeTarget "JKUpdaterExample" */;
			buildPhases = (
				9C99AFAF1741FDC900868D64 /* Sources */,
				9C99AFB01741FDC900868D64 /* Frameworks */,
				9C99AFB11741FDC900868D64 /* Resources */,
				56616C3468B24576B3A38AB6 /* Warn for TODO and FIXME comments */,
			);
			buildRules = (
			);
			dependencies = (
			);
			name = JKUpdaterExample;
			productName = JKUpdaterExample;
			productReference = 9C99AFB31741FDC900868D64 /* JKUpdaterExample.app */;
			productType = "com.apple.product-type.application";
		};
/* End PBXNativeTarget section */

/* Begin PBXProject section */
		9C99AFAB1741FDC900868D64 /* Project object */ = {
			isa = PBXProject;
			attributes = {
				LastUpgradeCheck = 0460;
				ORGANIZATIONNAME = "Joseph Kain";
			};
			buildConfigurationList = 9C99AFAE1741FDC900868D64 /* Build configuration list for PBXProject "JKUpdaterExample" */;
			compatibilityVersion = "Xcode 3.2";
			developmentRegion = English;
			hasScannedForEncodings = 0;
			knownRegions = (
				en,
			);
			mainGroup = 9C99AFAA1741FDC900868D64;
			productRefGroup = 9C99AFB41741FDC900868D64 /* Products */;
			projectDirPath = "";
			projectRoot = "";
			targets = (
				9C99AFB21741FDC900868D64 /* JKUpdaterExample */,
			);
		};
/* End PBXProject section */

/* Begin PBXResourcesBuildPhase section */
		9C99AFB11741FDC900868D64 /* Resources */ = {
			isa = PBXResourcesBuildPhase;
			buildActionMask = 2147483647;
			files = (
				9C99AFC11741FDC900868D64 /* InfoPlist.strings in Resources */,
				9C99AFC91741FDC900868D64 /* Default.png in Resources */,
				9C99AFCB1741FDC900868D64 /* Default@2x.png in Resources */,
				9C99AFCD1741FDC900868D64 /* Default-568h@2x.png in Resources */,
				9C99AFD31741FDCA00868D64 /* ViewController.xib in Resources */,
			);
			runOnlyForDeploymentPostprocessing = 0;
		};
/* End PBXResourcesBuildPhase section */

/* Begin PBXShellScriptBuildPhase section */
		56616C3468B24576B3A38AB6 /* Warn for TODO and FIXME comments */ = {
			isa = PBXShellScriptBuildPhase;
			buildActionMask = 2147483647;
			files = (
			);
			inputPaths = (
			);
			name = "Warn for TODO and FIXME comments";
			outputPaths = (
			);
			runOnlyForDeploymentPostprocessing = 0;
			shellPath = /bin/sh;
			shellScript = "KEYWORDS=\"TODO:|FIXME:|\\?\\?\\?:|\\!\\!\\!:\"\nFILE_EXTENSIONS=\"h|m|mm|c|cpp\"\nfind -E \"${SRCROOT}\" -ipath \"${SRCROOT}/pods\" -prune -o \\( -regex \".*\\.($FILE_EXTENSIONS)$\" \\) -print0 | xargs -0 egrep --with-filename --line-number --only-matching \"($KEYWORDS).*\\$\" | perl -p -e \"s/($KEYWORDS)/ warning: \\$1/\"\n";
		};
/* End PBXShellScriptBuildPhase section */

/* Begin PBXSourcesBuildPhase section */
		9C99AFAF1741FDC900868D64 /* Sources */ = {
			isa = PBXSourcesBuildPhase;
			buildActionMask = 2147483647;
			files = (
				9C99AFC31741FDC900868D64 /* main.m in Sources */,
				9C99AFC71741FDC900868D64 /* AppDelegate.m in Sources */,
				9C99AFD01741FDC900868D64 /* ViewController.m in Sources */,
				9C99AFDB1741FFEF00868D64 /* Updater.m in Sources */,
			);
			runOnlyForDeploymentPostprocessing = 0;
		};
/* End PBXSourcesBuildPhase section */

/* Begin PBXVariantGroup section */
		9C99AFBF1741FDC900868D64 /* InfoPlist.strings */ = {
			isa = PBXVariantGroup;
			children = (
				9C99AFC01741FDC900868D64 /* en */,
			);
			name = InfoPlist.strings;
			sourceTree = "<group>";
		};
		9C99AFD11741FDCA00868D64 /* ViewController.xib */ = {
			isa = PBXVariantGroup;
			children = (
				9C99AFD21741FDCA00868D64 /* en */,
			);
			name = ViewController.xib;
			sourceTree = "<group>";
		};
/* End PBXVariantGroup section */

/* Begin XCBuildConfiguration section */
		9C99AFD41741FDCA00868D64 /* Debug */ = {
			isa = XCBuildConfiguration;
			buildSettings = {
				ALWAYS_SEARCH_USER_PATHS = NO;
				CLANG_CXX_LANGUAGE_STANDARD = "gnu++0x";
				CLANG_CXX_LIBRARY = "libc++";
				CLANG_ENABLE_OBJC_ARC = YES;
				CLANG_WARN_CONSTANT_CONVERSION = YES;
				CLANG_WARN_EMPTY_BODY = YES;
				CLANG_WARN_ENUM_CONVERSION = YES;
				CLANG_WARN_INT_CONVERSION = YES;
				CLANG_WARN__DUPLICATE_METHOD_MATCH = YES;
				"CODE_SIGN_IDENTITY[sdk=iphoneos*]" = "iPhone Developer";
				COPY_PHASE_STRIP = NO;
				GCC_C_LANGUAGE_STANDARD = gnu99;
				GCC_DYNAMIC_NO_PIC = NO;
				GCC_OPTIMIZATION_LEVEL = 0;
				GCC_PREPROCESSOR_DEFINITIONS = (
					"DEBUG=1",
					"$(inherited)",
				);
				GCC_SYMBOLS_PRIVATE_EXTERN = NO;
				GCC_WARN_64_TO_32_BIT_CONVERSION = YES;
				GCC_WARN_ABOUT_MISSING_FIELD_INITIALIZERS = YES;
				GCC_WARN_ABOUT_MISSING_NEWLINE = YES;
				GCC_WARN_ABOUT_RETURN_TYPE = YES;
				GCC_WARN_CHECK_SWITCH_STATEMENTS = YES;
				GCC_WARN_INITIALIZER_NOT_FULLY_BRACKETED = YES;
				GCC_WARN_MISSING_PARENTHESES = YES;
				GCC_WARN_SHADOW = YES;
				GCC_WARN_SIGN_COMPARE = YES;
				GCC_WARN_TYPECHECK_CALLS_TO_PRINTF = YES;
				GCC_WARN_UNDECLARED_SELECTOR = YES;
				GCC_WARN_UNINITIALIZED_AUTOS = YES;
				GCC_WARN_UNUSED_FUNCTION = YES;
				GCC_WARN_UNUSED_LABEL = YES;
				GCC_WARN_UNUSED_VALUE = YES;
				GCC_WARN_UNUSED_VARIABLE = YES;
				IPHONEOS_DEPLOYMENT_TARGET = 6.1;
				ONLY_ACTIVE_ARCH = YES;
				RUN_CLANG_STATIC_ANALYZER = YES;
				SDKROOT = iphoneos;
			};
			name = Debug;
		};
		9C99AFD51741FDCA00868D64 /* Release */ = {
			isa = XCBuildConfiguration;
			buildSettings = {
				ALWAYS_SEARCH_USER_PATHS = NO;
				CLANG_CXX_LANGUAGE_STANDARD = "gnu++0x";
				CLANG_CXX_LIBRARY = "libc++";
				CLANG_ENABLE_OBJC_ARC = YES;
				CLANG_WARN_CONSTANT_CONVERSION = YES;
				CLANG_WARN_EMPTY_BODY = YES;
				CLANG_WARN_ENUM_CONVERSION = YES;
				CLANG_WARN_INT_CONVERSION = YES;
				CLANG_WARN__DUPLICATE_METHOD_MATCH = YES;
				"CODE_SIGN_IDENTITY[sdk=iphoneos*]" = "iPhone Developer";
				COPY_PHASE_STRIP = YES;
				GCC_C_LANGUAGE_STANDARD = gnu99;
				GCC_WARN_64_TO_32_BIT_CONVERSION = YES;
				GCC_WARN_ABOUT_MISSING_FIELD_INITIALIZERS = YES;
				GCC_WARN_ABOUT_MISSING_NEWLINE = YES;
				GCC_WARN_ABOUT_RETURN_TYPE = YES;
				GCC_WARN_CHECK_SWITCH_STATEMENTS = YES;
				GCC_WARN_INITIALIZER_NOT_FULLY_BRACKETED = YES;
				GCC_WARN_MISSING_PARENTHESES = YES;
				GCC_WARN_SHADOW = YES;
				GCC_WARN_SIGN_COMPARE = YES;
				GCC_WARN_TYPECHECK_CALLS_TO_PRINTF = YES;
				GCC_WARN_UNDECLARED_SELECTOR = YES;
				GCC_WARN_UNINITIALIZED_AUTOS = YES;
				GCC_WARN_UNUSED_FUNCTION = YES;
				GCC_WARN_UNUSED_LABEL = YES;
				GCC_WARN_UNUSED_VALUE = YES;
				GCC_WARN_UNUSED_VARIABLE = YES;
				IPHONEOS_DEPLOYMENT_TARGET = 6.1;
				OTHER_CFLAGS = "-DNS_BLOCK_ASSERTIONS=1";
				RUN_CLANG_STATIC_ANALYZER = YES;
				SDKROOT = iphoneos;
				VALIDATE_PRODUCT = YES;
			};
			name = Release;
		};
		9C99AFD71741FDCA00868D64 /* Debug */ = {
			isa = XCBuildConfiguration;
			buildSettings = {
				GCC_PRECOMPILE_PREFIX_HEADER = YES;
				GCC_PREFIX_HEADER = "JKUpdaterExample/JKUpdaterExample-Prefix.pch";
				INFOPLIST_FILE = "JKUpdaterExample/JKUpdaterExample-Info.plist";
				PRODUCT_NAME = "$(TARGET_NAME)";
				WRAPPER_EXTENSION = app;
			};
			name = Debug;
		};
		9C99AFD81741FDCA00868D64 /* Release */ = {
			isa = XCBuildConfiguration;
			buildSettings = {
				GCC_PRECOMPILE_PREFIX_HEADER = YES;
				GCC_PREFIX_HEADER = "JKUpdaterExample/JKUpdaterExample-Prefix.pch";
				INFOPLIST_FILE = "JKUpdaterExample/JKUpdaterExample-Info.plist";
				PRODUCT_NAME = "$(TARGET_NAME)";
				WRAPPER_EXTENSION = app;
			};
			name = Release;
		};
/* End XCBuildConfiguration section */

/* Begin XCConfigurationList section */
		9C99AFAE1741FDC900868D64 /* Build configuration list for PBXProject "JKUpdaterExample" */ = {
			isa = XCConfigurationList;
			buildConfigurations = (
				9C99AFD41741FDCA00868D64 /* Debug */,
				9C99AFD51741FDCA00868D64 /* Release */,
			);
			defaultConfigurationIsVisible = 0;
			defaultConfigurationName = Release;
		};
		9C99AFD61741FDCA00868D64 /* Build configuration list for PBXNativeTarget "JKUpdaterExample" */ = {
			isa = XCConfigurationList;
			buildConfigurations = (
				9C99AFD71741FDCA00868D64 /* Debug */,
				9C99AFD81741FDCA00868D64 /* Release */,
			);
			defaultConfigurationIsVisible = 0;
			defaultConfigurationName = Release;
		};
/* End XCConfigurationList section */
	};
	rootObject = 9C99AFAB1741FDC900868D64 /* Project object */;
}
